
Microsoft Visual Studio Solution File, Format Version 12.00
# Visual Studio 15
VisualStudioVersion = 15.0.27703.2035
MinimumVisualStudioVersion = 10.0.40219.1
Project("{FAE04EC0-301F-11D3-BF4B-00C04F79EFBC}") = "Comments", "Comments\Comments.csproj", "{07644250-9793-4B20-B28B-1A873E101A30}"
EndProject
Global
	GlobalSection(SolutionConfigurationPlatforms) = preSolution
		Debug|Any CPU = Debug|Any CPU
		Release|Any CPU = Release|Any CPU
	EndGlobalSection
	GlobalSection(ProjectConfigurationPlatforms) = postSolution
		{07644250-9793-4B20-B28B-1A873E101A30}.Debug|Any CPU.ActiveCfg = Debug|Any CPU
		{07644250-9793-4B20-B28B-1A873E101A30}.Debug|Any CPU.Build.0 = Debug|Any CPU
		{07644250-9793-4B20-B28B-1A873E101A30}.Release|Any CPU.ActiveCfg = Release|Any CPU
		{07644250-9793-4B20-B28B-1A873E101A30}.Release|Any CPU.Build.0 = Release|Any CPU
	EndGlobalSection
	GlobalSection(SolutionProperties) = preSolution
		HideSolutionNode = FALSE
	EndGlobalSection
	GlobalSection(ExtensibilityGlobals) = postSolution
		SolutionGuid = {5E469E77-BD08-492E-9DB1-22AB50E13F2E}
	EndGlobalSection
EndGlobal
