
Microsoft Visual Studio Solution File, Format Version 12.00
# Visual Studio 15
VisualStudioVersion = 15.0.27703.2035
MinimumVisualStudioVersion = 10.0.40219.1
Project("{FAE04EC0-301F-11D3-BF4B-00C04F79EFBC}") = "ProjectedRaisesInteractive", "ProjectedRaisesInteractive\ProjectedRaisesInteractive.csproj", "{310C4067-5065-4A8C-8E97-245FE446EA5E}"
EndProject
Global
	GlobalSection(SolutionConfigurationPlatforms) = preSolution
		Debug|Any CPU = Debug|Any CPU
		Release|Any CPU = Release|Any CPU
	EndGlobalSection
	GlobalSection(ProjectConfigurationPlatforms) = postSolution
		{310C4067-5065-4A8C-8E97-245FE446EA5E}.Debug|Any CPU.ActiveCfg = Debug|Any CPU
		{310C4067-5065-4A8C-8E97-245FE446EA5E}.Debug|Any CPU.Build.0 = Debug|Any CPU
		{310C4067-5065-4A8C-8E97-245FE446EA5E}.Release|Any CPU.ActiveCfg = Release|Any CPU
		{310C4067-5065-4A8C-8E97-245FE446EA5E}.Release|Any CPU.Build.0 = Release|Any CPU
	EndGlobalSection
	GlobalSection(SolutionProperties) = preSolution
		HideSolutionNode = FALSE
	EndGlobalSection
	GlobalSection(ExtensibilityGlobals) = postSolution
		SolutionGuid = {382756E9-FCFE-4454-A615-6FA3B2BD5C38}
	EndGlobalSection
EndGlobal
